
Microsoft Visual Studio Solution File, Format Version 12.00
# Visual Studio Version 17
VisualStudioVersion = 17.10.35013.160
MinimumVisualStudioVersion = 10.0.40219.1
Project("{9A19103F-16F7-4668-BE54-9A1E7A4F7556}") = "Entities", "Entities\Entities.csproj", "{DCC9ECA5-C763-4114-A3A5-CE78BC48A7EE}"
EndProject
Project("{9A19103F-16F7-4668-BE54-9A1E7A4F7556}") = "Libraries", "Libraries\Libraries.csproj", "{8E1104BC-0584-476F-9DE5-1A180BE08BCC}"
EndProject
Project("{2150E333-8FDC-42A3-9474-1A3956D46DE8}") = "Solution Items", "Solution Items", "{A7BEBA0C-98F4-4BDB-982C-D83F2DC2A081}"
	ProjectSection(SolutionItems) = preProject
		readme.md = readme.md
	EndProjectSection
EndProject
Project("{9A19103F-16F7-4668-BE54-9A1E7A4F7556}") = "SystematiqConsoleView", "SystematiqConsoleView\SystematiqConsoleView.csproj", "{3596688D-F7BF-489E-8E7D-97F803838D5D}"
EndProject
Project("{FAE04EC0-301F-11D3-BF4B-00C04F79EFBC}") = "CommonConfigs", "CommonConfigs\CommonConfigs.csproj", "{C587318B-FBCF-47AC-B098-DC9B7167FBE1}"
EndProject
Global
	GlobalSection(SolutionConfigurationPlatforms) = preSolution
		Debug|Any CPU = Debug|Any CPU
		Release|Any CPU = Release|Any CPU
	EndGlobalSection
	GlobalSection(ProjectConfigurationPlatforms) = postSolution
		{DCC9ECA5-C763-4114-A3A5-CE78BC48A7EE}.Debug|Any CPU.ActiveCfg = Debug|Any CPU
		{DCC9ECA5-C763-4114-A3A5-CE78BC48A7EE}.Debug|Any CPU.Build.0 = Debug|Any CPU
		{DCC9ECA5-C763-4114-A3A5-CE78BC48A7EE}.Release|Any CPU.ActiveCfg = Release|Any CPU
		{DCC9ECA5-C763-4114-A3A5-CE78BC48A7EE}.Release|Any CPU.Build.0 = Release|Any CPU
		{8E1104BC-0584-476F-9DE5-1A180BE08BCC}.Debug|Any CPU.ActiveCfg = Debug|Any CPU
		{8E1104BC-0584-476F-9DE5-1A180BE08BCC}.Debug|Any CPU.Build.0 = Debug|Any CPU
		{8E1104BC-0584-476F-9DE5-1A180BE08BCC}.Release|Any CPU.ActiveCfg = Release|Any CPU
		{8E1104BC-0584-476F-9DE5-1A180BE08BCC}.Release|Any CPU.Build.0 = Release|Any CPU
		{3596688D-F7BF-489E-8E7D-97F803838D5D}.Debug|Any CPU.ActiveCfg = Debug|Any CPU
		{3596688D-F7BF-489E-8E7D-97F803838D5D}.Debug|Any CPU.Build.0 = Debug|Any CPU
		{3596688D-F7BF-489E-8E7D-97F803838D5D}.Release|Any CPU.ActiveCfg = Release|Any CPU
		{3596688D-F7BF-489E-8E7D-97F803838D5D}.Release|Any CPU.Build.0 = Release|Any CPU
		{C587318B-FBCF-47AC-B098-DC9B7167FBE1}.Debug|Any CPU.ActiveCfg = Debug|Any CPU
		{C587318B-FBCF-47AC-B098-DC9B7167FBE1}.Debug|Any CPU.Build.0 = Debug|Any CPU
		{C587318B-FBCF-47AC-B098-DC9B7167FBE1}.Release|Any CPU.ActiveCfg = Release|Any CPU
		{C587318B-FBCF-47AC-B098-DC9B7167FBE1}.Release|Any CPU.Build.0 = Release|Any CPU
	EndGlobalSection
	GlobalSection(SolutionProperties) = preSolution
		HideSolutionNode = FALSE
	EndGlobalSection
	GlobalSection(ExtensibilityGlobals) = postSolution
		SolutionGuid = {5A8F5C63-55D4-429E-8E39-2A0E57FFB70D}
	EndGlobalSection
EndGlobal
